
Microsoft Visual Studio Solution File, Format Version 12.00
# Visual Studio Version 16
VisualStudioVersion = 16.0.31112.23
MinimumVisualStudioVersion = 10.0.40219.1
Project("{9A19103F-16F7-4668-BE54-9A1E7A4F7556}") = "ByBit Exchange API", "ByBit Exchange API\ByBit Exchange API.csproj", "{CF7DD469-60AC-42A9-A8B8-773BAB146B28}"
EndProject
Project("{9A19103F-16F7-4668-BE54-9A1E7A4F7556}") = "Quartz.net", "Quartz.net\Quartz.net.csproj", "{40C8B32F-C69E-479D-B6D4-697ABFF72592}"
EndProject
Global
	GlobalSection(SolutionConfigurationPlatforms) = preSolution
		Debug|Any CPU = Debug|Any CPU
		Release|Any CPU = Release|Any CPU
	EndGlobalSection
	GlobalSection(ProjectConfigurationPlatforms) = postSolution
		{CF7DD469-60AC-42A9-A8B8-773BAB146B28}.Debug|Any CPU.ActiveCfg = Debug|Any CPU
		{CF7DD469-60AC-42A9-A8B8-773BAB146B28}.Debug|Any CPU.Build.0 = Debug|Any CPU
		{CF7DD469-60AC-42A9-A8B8-773BAB146B28}.Release|Any CPU.ActiveCfg = Release|Any CPU
		{CF7DD469-60AC-42A9-A8B8-773BAB146B28}.Release|Any CPU.Build.0 = Release|Any CPU
		{40C8B32F-C69E-479D-B6D4-697ABFF72592}.Debug|Any CPU.ActiveCfg = Debug|Any CPU
		{40C8B32F-C69E-479D-B6D4-697ABFF72592}.Debug|Any CPU.Build.0 = Debug|Any CPU
		{40C8B32F-C69E-479D-B6D4-697ABFF72592}.Release|Any CPU.ActiveCfg = Release|Any CPU
		{40C8B32F-C69E-479D-B6D4-697ABFF72592}.Release|Any CPU.Build.0 = Release|Any CPU
	EndGlobalSection
	GlobalSection(SolutionProperties) = preSolution
		HideSolutionNode = FALSE
	EndGlobalSection
	GlobalSection(ExtensibilityGlobals) = postSolution
		SolutionGuid = {4E671712-E43B-4EDC-BABD-384BCD70E779}
	EndGlobalSection
	GlobalSection(TeamFoundationVersionControl) = preSolution
		SccNumberOfProjects = 3
		SccEnterpriseProvider = {4CA58AB2-18FA-4F8D-95D4-32DDF27D184C}
		SccTeamFoundationServer = https://dev.azure.com/alibw
		SccLocalPath0 = .
		SccProjectUniqueName1 = ByBit\u0020Exchange\u0020API\\ByBit\u0020Exchange\u0020API.csproj
		SccProjectName1 = ByBit\u0020Exchange\u0020API
		SccLocalPath1 = ByBit\u0020Exchange\u0020API
		SccProjectUniqueName2 = Quartz.net\\Quartz.net.csproj
		SccProjectName2 = Quartz.net
		SccLocalPath2 = Quartz.net
	EndGlobalSection
EndGlobal
